{
  "version": 4,
  "terraform_version": "1.3.3",
  "serial": 580,
  "lineage": "d89bb5d2-399b-221b-8429-f88ce7615639",
  "outputs": {
    "ec2": {
      "value": {
        "ec2_instance_ids": [
          "i-0f6c1549c4b5fcf73"
        ]
      },
      "type": [
        "object",
        {
          "ec2_instance_ids": [
            "tuple",
            [
              "string"
            ]
          ]
        }
      ]
    },
    "elb": {
      "value": {
        "elb_sg_id": "sg-0aab40743e4691ecc"
      },
      "type": [
        "object",
        {
          "elb_sg_id": "string"
        }
      ]
    },
    "vpc": {
      "value": {
        "private_subnets": [
          "subnet-062132f0235d18496",
          "subnet-07bbedba7bb61e9e5",
          "subnet-03f8a8261e3d5cdba"
        ],
        "private_subnets_cidr_blocks": [
          "10.50.0.0/20",
          "10.50.16.0/20",
          "10.50.32.0/20"
        ],
        "public_subnets": [
          "subnet-00aecdccb4ec45836",
          "subnet-0b8d46de0b672dde4",
          "subnet-0738b549775b0eca1"
        ],
        "public_subnets_cidr_blocks": [
          "10.50.48.0/20",
          "10.50.64.0/20",
          "10.50.80.0/20"
        ],
        "vpc_arn": "arn:aws:ec2:ap-south-1:222639972592:vpc/vpc-01b8d30a1945f8c0d",
        "vpc_cidr_block": "10.50.0.0/16",
        "vpc_id": "vpc-01b8d30a1945f8c0d"
      },
      "type": [
        "object",
        {
          "private_subnets": [
            "tuple",
            [
              "string",
              "string",
              "string"
            ]
          ],
          "private_subnets_cidr_blocks": [
            "list",
            "string"
          ],
          "public_subnets": [
            "tuple",
            [
              "string",
              "string",
              "string"
            ]
          ],
          "public_subnets_cidr_blocks": [
            "list",
            "string"
          ],
          "vpc_arn": "string",
          "vpc_cidr_block": "string",
          "vpc_id": "string"
        }
      ]
    }
  },
  "resources": [
    {
      "module": "module.ec2",
      "mode": "data",
      "type": "aws_iam_policy",
      "name": "policy_for_cloudwatchagent",
      "provider": "provider[\"registry.terraform.io/hashicorp/aws\"]",
      "instances": [
        {
          "schema_version": 0,
          "attributes": {
            "arn": "arn:aws:iam::aws:policy/CloudWatchAgentServerPolicy",
            "description": "Permissions required to use AmazonCloudWatchAgent on servers",
            "id": "arn:aws:iam::aws:policy/CloudWatchAgentServerPolicy",
            "name": "CloudWatchAgentServerPolicy",
            "path": "/",
            "path_prefix": null,
            "policy": "{\n    \"Version\": \"2012-10-17\",\n    \"Statement\": [\n        {\n            \"Effect\": \"Allow\",\n            \"Action\": [\n                \"cloudwatch:PutMetricData\",\n                \"ec2:DescribeVolumes\",\n                \"ec2:DescribeTags\",\n                \"logs:PutLogEvents\",\n                \"logs:DescribeLogStreams\",\n                \"logs:DescribeLogGroups\",\n                \"logs:CreateLogStream\",\n                \"logs:CreateLogGroup\"\n            ],\n            \"Resource\": \"*\"\n        },\n        {\n            \"Effect\": \"Allow\",\n            \"Action\": [\n                \"ssm:GetParameter\"\n            ],\n            \"Resource\": \"arn:aws:ssm:*:*:parameter/AmazonCloudWatch-*\"\n        }\n    ]\n}",
            "policy_id": "ANPAIGOPKN7KRDAKTLG4I",
            "tags": {}
          },
          "sensitive_attributes": []
        }
      ]
    },
    {
      "module": "module.ec2",
      "mode": "data",
      "type": "aws_iam_policy",
      "name": "policy_for_ssm",
      "provider": "provider[\"registry.terraform.io/hashicorp/aws\"]",
      "instances": [
        {
          "schema_version": 0,
          "attributes": {
            "arn": "arn:aws:iam::aws:policy/AmazonSSMManagedInstanceCore",
            "description": "The policy for Amazon EC2 Role to enable AWS Systems Manager service core functionality.",
            "id": "arn:aws:iam::aws:policy/AmazonSSMManagedInstanceCore",
            "name": "AmazonSSMManagedInstanceCore",
            "path": "/",
            "path_prefix": null,
            "policy": "{\n    \"Version\": \"2012-10-17\",\n    \"Statement\": [\n        {\n            \"Effect\": \"Allow\",\n            \"Action\": [\n                \"ssm:DescribeAssociation\",\n                \"ssm:GetDeployablePatchSnapshotForInstance\",\n                \"ssm:GetDocument\",\n                \"ssm:DescribeDocument\",\n                \"ssm:GetManifest\",\n                \"ssm:GetParameter\",\n                \"ssm:GetParameters\",\n                \"ssm:ListAssociations\",\n                \"ssm:ListInstanceAssociations\",\n                \"ssm:PutInventory\",\n                \"ssm:PutComplianceItems\",\n                \"ssm:PutConfigurePackageResult\",\n                \"ssm:UpdateAssociationStatus\",\n                \"ssm:UpdateInstanceAssociationStatus\",\n                \"ssm:UpdateInstanceInformation\"\n            ],\n            \"Resource\": \"*\"\n        },\n        {\n            \"Effect\": \"Allow\",\n            \"Action\": [\n                \"ssmmessages:CreateControlChannel\",\n                \"ssmmessages:CreateDataChannel\",\n                \"ssmmessages:OpenControlChannel\",\n                \"ssmmessages:OpenDataChannel\"\n            ],\n            \"Resource\": \"*\"\n        },\n        {\n            \"Effect\": \"Allow\",\n            \"Action\": [\n                \"ec2messages:AcknowledgeMessage\",\n                \"ec2messages:DeleteMessage\",\n                \"ec2messages:FailMessage\",\n                \"ec2messages:GetEndpoint\",\n                \"ec2messages:GetMessages\",\n                \"ec2messages:SendReply\"\n            ],\n            \"Resource\": \"*\"\n        }\n    ]\n}",
            "policy_id": "ANPAIXSHM2BNB2D3AXXRU",
            "tags": {}
          },
          "sensitive_attributes": []
        }
      ]
    },
    {
      "module": "module.ec2",
      "mode": "data",
      "type": "aws_iam_policy_document",
      "name": "ec2_assume_role_policy",
      "provider": "provider[\"registry.terraform.io/hashicorp/aws\"]",
      "instances": [
        {
          "schema_version": 0,
          "attributes": {
            "id": "1903849331",
            "json": "{\n  \"Version\": \"2012-10-17\",\n  \"Statement\": [\n    {\n      \"Sid\": \"\",\n      \"Effect\": \"Allow\",\n      \"Action\": \"sts:AssumeRole\",\n      \"Principal\": {\n        \"Service\": \"ec2.amazonaws.com\"\n      }\n    }\n  ]\n}",
            "override_json": null,
            "override_policy_documents": null,
            "policy_id": null,
            "source_json": null,
            "source_policy_documents": null,
            "statement": [
              {
                "actions": [
                  "sts:AssumeRole"
                ],
                "condition": [],
                "effect": "Allow",
                "not_actions": [],
                "not_principals": [],
                "not_resources": [],
                "principals": [
                  {
                    "identifiers": [
                      "ec2.amazonaws.com"
                    ],
                    "type": "Service"
                  }
                ],
                "resources": [],
                "sid": ""
              }
            ],
            "version": "2012-10-17"
          },
          "sensitive_attributes": []
        }
      ]
    },
    {
      "module": "module.ec2",
      "mode": "managed",
      "type": "aws_iam_instance_profile",
      "name": "ec2_instance_profile",
      "provider": "provider[\"registry.terraform.io/hashicorp/aws\"]",
      "instances": [
        {
          "schema_version": 0,
          "attributes": {
            "arn": "arn:aws:iam::222639972592:instance-profile/my-app-instance-profile",
            "create_date": "2022-11-27T12:08:23Z",
            "id": "my-app-instance-profile",
            "name": "my-app-instance-profile",
            "name_prefix": null,
            "path": "/",
            "role": "my-app-instance-role",
            "tags": null,
            "tags_all": {},
            "unique_id": "AIPATHVTAMDYMYKARWC23"
          },
          "sensitive_attributes": [],
          "private": "bnVsbA==",
          "dependencies": [
            "module.ec2.aws_iam_role.ec2_role",
            "module.ec2.data.aws_iam_policy_document.ec2_assume_role_policy"
          ]
        }
      ]
    },
    {
      "module": "module.ec2",
      "mode": "managed",
      "type": "aws_iam_role",
      "name": "ec2_role",
      "provider": "provider[\"registry.terraform.io/hashicorp/aws\"]",
      "instances": [
        {
          "schema_version": 0,
          "attributes": {
            "arn": "arn:aws:iam::222639972592:role/my-app-instance-role",
            "assume_role_policy": "{\"Statement\":[{\"Action\":\"sts:AssumeRole\",\"Effect\":\"Allow\",\"Principal\":{\"Service\":\"ec2.amazonaws.com\"},\"Sid\":\"\"}],\"Version\":\"2012-10-17\"}",
            "create_date": "2022-11-27T12:08:21Z",
            "description": "",
            "force_detach_policies": false,
            "id": "my-app-instance-role",
            "inline_policy": [],
            "managed_policy_arns": [],
            "max_session_duration": 3600,
            "name": "my-app-instance-role",
            "name_prefix": "",
            "path": "/",
            "permissions_boundary": null,
            "tags": null,
            "tags_all": {},
            "unique_id": "AROATHVTAMDYDOGGBUDNE"
          },
          "sensitive_attributes": [],
          "private": "bnVsbA==",
          "dependencies": [
            "module.ec2.data.aws_iam_policy_document.ec2_assume_role_policy"
          ]
        }
      ]
    },
    {
      "module": "module.ec2",
      "mode": "managed",
      "type": "aws_iam_role_policy_attachment",
      "name": "ec2_cloudwatchagent_role_attach",
      "provider": "provider[\"registry.terraform.io/hashicorp/aws\"]",
      "instances": [
        {
          "schema_version": 0,
          "attributes": {
            "id": "my-app-instance-role-20221127120823097400000004",
            "policy_arn": "arn:aws:iam::aws:policy/CloudWatchAgentServerPolicy",
            "role": "my-app-instance-role"
          },
          "sensitive_attributes": [],
          "private": "bnVsbA==",
          "dependencies": [
            "module.ec2.aws_iam_role.ec2_role",
            "module.ec2.data.aws_iam_policy.policy_for_cloudwatchagent",
            "module.ec2.data.aws_iam_policy_document.ec2_assume_role_policy"
          ]
        }
      ]
    },
    {
      "module": "module.ec2",
      "mode": "managed",
      "type": "aws_iam_role_policy_attachment",
      "name": "ec2_ssm_role_attach",
      "provider": "provider[\"registry.terraform.io/hashicorp/aws\"]",
      "instances": [
        {
          "schema_version": 0,
          "attributes": {
            "id": "my-app-instance-role-20221127120823087700000003",
            "policy_arn": "arn:aws:iam::aws:policy/AmazonSSMManagedInstanceCore",
            "role": "my-app-instance-role"
          },
          "sensitive_attributes": [],
          "private": "bnVsbA==",
          "dependencies": [
            "module.ec2.aws_iam_role.ec2_role",
            "module.ec2.data.aws_iam_policy.policy_for_ssm",
            "module.ec2.data.aws_iam_policy_document.ec2_assume_role_policy"
          ]
        }
      ]
    },
    {
      "module": "module.ec2",
      "mode": "managed",
      "type": "aws_security_group",
      "name": "ec2_sg",
      "provider": "provider[\"registry.terraform.io/hashicorp/aws\"]",
      "instances": [
        {
          "schema_version": 1,
          "attributes": {
            "arn": "arn:aws:ec2:ap-south-1:222639972592:security-group/sg-0f97ef4a4a937dc60",
            "description": "Managed by Terraform",
            "egress": [],
            "id": "sg-0f97ef4a4a937dc60",
            "ingress": [],
            "name": "my-app-instance-sg",
            "name_prefix": "",
            "owner_id": "222639972592",
            "revoke_rules_on_delete": false,
            "tags": {
              "Name": "my-app-instance-sg",
              "costcenter": "c001",
              "env": "dev",
              "terraform": "true"
            },
            "tags_all": {
              "Name": "my-app-instance-sg",
              "costcenter": "c001",
              "env": "dev",
              "terraform": "true"
            },
            "timeouts": null,
            "vpc_id": "vpc-01b8d30a1945f8c0d"
          },
          "sensitive_attributes": [],
          "private": "eyJlMmJmYjczMC1lY2FhLTExZTYtOGY4OC0zNDM2M2JjN2M0YzAiOnsiY3JlYXRlIjo2MDAwMDAwMDAwMDAsImRlbGV0ZSI6OTAwMDAwMDAwMDAwfSwic2NoZW1hX3ZlcnNpb24iOiIxIn0=",
          "dependencies": [
            "module.vpc.module.vpc.aws_vpc.this"
          ]
        }
      ]
    },
    {
      "module": "module.ec2",
      "mode": "managed",
      "type": "aws_security_group_rule",
      "name": "ec2_sg_in",
      "provider": "provider[\"registry.terraform.io/hashicorp/aws\"]",
      "instances": [
        {
          "schema_version": 2,
          "attributes": {
            "cidr_blocks": null,
            "description": null,
            "from_port": 8080,
            "id": "sgrule-348771461",
            "ipv6_cidr_blocks": null,
            "prefix_list_ids": null,
            "protocol": "tcp",
            "security_group_id": "sg-0f97ef4a4a937dc60",
            "security_group_rule_id": "sgr-0a1aa5141fd11bb21",
            "self": false,
            "source_security_group_id": "sg-0aab40743e4691ecc",
            "timeouts": null,
            "to_port": 8080,
            "type": "ingress"
          },
          "sensitive_attributes": [],
          "private": "eyJlMmJmYjczMC1lY2FhLTExZTYtOGY4OC0zNDM2M2JjN2M0YzAiOnsiY3JlYXRlIjozMDAwMDAwMDAwMDB9LCJzY2hlbWFfdmVyc2lvbiI6IjIifQ==",
          "dependencies": [
            "module.ec2.aws_security_group.ec2_sg",
            "module.elb.aws_security_group.elb_sg",
            "module.vpc.module.vpc.aws_vpc.this"
          ]
        }
      ]
    },
    {
      "module": "module.ec2",
      "mode": "managed",
      "type": "aws_security_group_rule",
      "name": "ec2_sg_out",
      "provider": "provider[\"registry.terraform.io/hashicorp/aws\"]",
      "instances": [
        {
          "schema_version": 2,
          "attributes": {
            "cidr_blocks": [
              "0.0.0.0/0"
            ],
            "description": null,
            "from_port": 0,
            "id": "sgrule-3686828420",
            "ipv6_cidr_blocks": null,
            "prefix_list_ids": null,
            "protocol": "-1",
            "security_group_id": "sg-0f97ef4a4a937dc60",
            "security_group_rule_id": "sgr-060910c57363dfdaf",
            "self": false,
            "source_security_group_id": null,
            "timeouts": null,
            "to_port": 0,
            "type": "egress"
          },
          "sensitive_attributes": [],
          "private": "eyJlMmJmYjczMC1lY2FhLTExZTYtOGY4OC0zNDM2M2JjN2M0YzAiOnsiY3JlYXRlIjozMDAwMDAwMDAwMDB9LCJzY2hlbWFfdmVyc2lvbiI6IjIifQ==",
          "dependencies": [
            "module.ec2.aws_security_group.ec2_sg",
            "module.vpc.module.vpc.aws_vpc.this"
          ]
        }
      ]
    },
    {
      "module": "module.ec2.module.ec2_instance[0]",
      "mode": "data",
      "type": "aws_partition",
      "name": "current",
      "provider": "provider[\"registry.terraform.io/hashicorp/aws\"]",
      "instances": [
        {
          "schema_version": 0,
          "attributes": {
            "dns_suffix": "amazonaws.com",
            "id": "aws",
            "partition": "aws",
            "reverse_dns_prefix": "com.amazonaws"
          },
          "sensitive_attributes": []
        }
      ]
    },
    {
      "module": "module.ec2.module.ec2_instance[0]",
      "mode": "data",
      "type": "aws_ssm_parameter",
      "name": "this",
      "provider": "provider[\"registry.terraform.io/hashicorp/aws\"]",
      "instances": [
        {
          "index_key": 0,
          "schema_version": 0,
          "attributes": {
            "arn": "arn:aws:ssm:ap-south-1::parameter/aws/service/ami-amazon-linux-latest/amzn2-ami-hvm-x86_64-gp2",
            "id": "/aws/service/ami-amazon-linux-latest/amzn2-ami-hvm-x86_64-gp2",
            "name": "/aws/service/ami-amazon-linux-latest/amzn2-ami-hvm-x86_64-gp2",
            "type": "String",
            "value": "ami-0a2457eba250ca23d",
            "version": 75,
            "with_decryption": true
          },
          "sensitive_attributes": []
        }
      ]
    },
    {
      "module": "module.ec2.module.ec2_instance[0]",
      "mode": "managed",
      "type": "aws_instance",
      "name": "this",
      "provider": "provider[\"registry.terraform.io/hashicorp/aws\"]",
      "instances": [
        {
          "index_key": 0,
          "schema_version": 1,
          "attributes": {
            "ami": "ami-074dc0a6f6c764218",
            "arn": "arn:aws:ec2:ap-south-1:222639972592:instance/i-0f6c1549c4b5fcf73",
            "associate_public_ip_address": false,
            "availability_zone": "ap-south-1a",
            "capacity_reservation_specification": [
              {
                "capacity_reservation_preference": "open",
                "capacity_reservation_target": []
              }
            ],
            "cpu_core_count": 1,
            "cpu_threads_per_core": 2,
            "credit_specification": [
              {
                "cpu_credits": "unlimited"
              }
            ],
            "disable_api_stop": false,
            "disable_api_termination": false,
            "ebs_block_device": [],
            "ebs_optimized": false,
            "enclave_options": [
              {
                "enabled": false
              }
            ],
            "ephemeral_block_device": [],
            "get_password_data": false,
            "hibernation": false,
            "host_id": null,
            "host_resource_group_arn": null,
            "iam_instance_profile": "my-app-instance-profile",
            "id": "i-0f6c1549c4b5fcf73",
            "instance_initiated_shutdown_behavior": "stop",
            "instance_state": "running",
            "instance_type": "t3a.micro",
            "ipv6_address_count": 0,
            "ipv6_addresses": [],
            "key_name": "",
            "launch_template": [],
            "maintenance_options": [
              {
                "auto_recovery": "default"
              }
            ],
            "metadata_options": [
              {
                "http_endpoint": "enabled",
                "http_put_response_hop_limit": 1,
                "http_tokens": "optional",
                "instance_metadata_tags": "disabled"
              }
            ],
            "monitoring": true,
            "network_interface": [],
            "outpost_arn": "",
            "password_data": "",
            "placement_group": "",
            "placement_partition_number": null,
            "primary_network_interface_id": "eni-05b5c72ee16f1687e",
            "private_dns": "ip-10-50-11-23.ap-south-1.compute.internal",
            "private_dns_name_options": [
              {
                "enable_resource_name_dns_a_record": false,
                "enable_resource_name_dns_aaaa_record": false,
                "hostname_type": "ip-name"
              }
            ],
            "private_ip": "10.50.11.23",
            "public_dns": "",
            "public_ip": "",
            "root_block_device": [
              {
                "delete_on_termination": true,
                "device_name": "/dev/xvda",
                "encrypted": false,
                "iops": 100,
                "kms_key_id": "",
                "tags": {},
                "throughput": 0,
                "volume_id": "vol-02635122c485678d7",
                "volume_size": 8,
                "volume_type": "gp2"
              }
            ],
            "secondary_private_ips": [],
            "security_groups": [],
            "source_dest_check": true,
            "subnet_id": "subnet-062132f0235d18496",
            "tags": {
              "Name": "my-app-instance-0",
              "costcenter": "c001",
              "env": "dev",
              "terraform": "true"
            },
            "tags_all": {
              "Name": "my-app-instance-0",
              "costcenter": "c001",
              "env": "dev",
              "terraform": "true"
            },
            "tenancy": "default",
            "timeouts": {
              "create": null,
              "delete": null,
              "update": null
            },
            "user_data": "e22e64a28b244ff8dbb5405f386ec9f764299dac",
            "user_data_base64": null,
            "user_data_replace_on_change": true,
            "volume_tags": {
              "Name": "my-app-instance-0"
            },
            "vpc_security_group_ids": [
              "sg-0f97ef4a4a937dc60"
            ]
          },
          "sensitive_attributes": [
            [
              {
                "type": "get_attr",
                "value": "ami"
              }
            ]
          ],
          "private": "eyJlMmJmYjczMC1lY2FhLTExZTYtOGY4OC0zNDM2M2JjN2M0YzAiOnsiY3JlYXRlIjo2MDAwMDAwMDAwMDAsImRlbGV0ZSI6MTIwMDAwMDAwMDAwMCwidXBkYXRlIjo2MDAwMDAwMDAwMDB9LCJzY2hlbWFfdmVyc2lvbiI6IjEifQ==",
          "dependencies": [
            "module.ec2.aws_iam_instance_profile.ec2_instance_profile",
            "module.ec2.aws_iam_role.ec2_role",
            "module.ec2.aws_security_group.ec2_sg",
            "module.ec2.data.aws_iam_policy_document.ec2_assume_role_policy",
            "module.ec2.module.ec2_instance.aws_iam_instance_profile.this",
            "module.ec2.module.ec2_instance.data.aws_ssm_parameter.this",
            "module.vpc.module.vpc.aws_subnet.private",
            "module.vpc.module.vpc.aws_vpc.this",
            "module.vpc.module.vpc.aws_vpc_ipv4_cidr_block_association.this"
          ]
        }
      ]
    },
    {
      "module": "module.elb",
      "mode": "data",
      "type": "aws_elb_service_account",
      "name": "this",
      "provider": "provider[\"registry.terraform.io/hashicorp/aws\"]",
      "instances": [
        {
          "schema_version": 0,
          "attributes": {
            "arn": "arn:aws:iam::718504428378:root",
            "id": "718504428378",
            "region": null
          },
          "sensitive_attributes": []
        }
      ]
    },
    {
      "module": "module.elb",
      "mode": "data",
      "type": "aws_iam_policy_document",
      "name": "elb_logs",
      "provider": "provider[\"registry.terraform.io/hashicorp/aws\"]",
      "instances": [
        {
          "schema_version": 0,
          "attributes": {
            "id": "2002473943",
            "json": "{\n  \"Version\": \"2012-10-17\",\n  \"Statement\": [\n    {\n      \"Sid\": \"\",\n      \"Effect\": \"Allow\",\n      \"Action\": \"s3:PutObject\",\n      \"Resource\": \"arn:aws:s3:::my-app-elb-access-log-bucket/*\",\n      \"Principal\": {\n        \"AWS\": \"arn:aws:iam::718504428378:root\"\n      }\n    }\n  ]\n}",
            "override_json": null,
            "override_policy_documents": null,
            "policy_id": null,
            "source_json": null,
            "source_policy_documents": null,
            "statement": [
              {
                "actions": [
                  "s3:PutObject"
                ],
                "condition": [],
                "effect": "Allow",
                "not_actions": [],
                "not_principals": [],
                "not_resources": [],
                "principals": [
                  {
                    "identifiers": [
                      "arn:aws:iam::718504428378:root"
                    ],
                    "type": "AWS"
                  }
                ],
                "resources": [
                  "arn:aws:s3:::my-app-elb-access-log-bucket/*"
                ],
                "sid": ""
              }
            ],
            "version": "2012-10-17"
          },
          "sensitive_attributes": []
        }
      ]
    },
    {
      "module": "module.elb",
      "mode": "managed",
      "type": "aws_s3_bucket",
      "name": "elb_logs",
      "provider": "provider[\"registry.terraform.io/hashicorp/aws\"]",
      "instances": [
        {
          "schema_version": 0,
          "attributes": {
            "acceleration_status": "",
            "acl": null,
            "arn": "arn:aws:s3:::my-app-elb-access-log-bucket",
            "bucket": "my-app-elb-access-log-bucket",
            "bucket_domain_name": "my-app-elb-access-log-bucket.s3.amazonaws.com",
            "bucket_prefix": null,
            "bucket_regional_domain_name": "my-app-elb-access-log-bucket.s3.ap-south-1.amazonaws.com",
            "cors_rule": [],
            "force_destroy": true,
            "grant": [
              {
                "id": "d6e32291cabcca00d79041e099b53f1497256cddb4b17808a45114c21af9aa9c",
                "permissions": [
                  "FULL_CONTROL"
                ],
                "type": "CanonicalUser",
                "uri": ""
              }
            ],
            "hosted_zone_id": "Z11RGJOFQNVJUP",
            "id": "my-app-elb-access-log-bucket",
            "lifecycle_rule": [],
            "logging": [],
            "object_lock_configuration": [],
            "object_lock_enabled": false,
            "policy": "",
            "region": "ap-south-1",
            "replication_configuration": [],
            "request_payer": "BucketOwner",
            "server_side_encryption_configuration": [],
            "tags": {
              "Name": "my-app-elb-access-log-bucket",
              "costcenter": "c001",
              "env": "dev",
              "terraform": "true"
            },
            "tags_all": {
              "Name": "my-app-elb-access-log-bucket",
              "costcenter": "c001",
              "env": "dev",
              "terraform": "true"
            },
            "timeouts": null,
            "versioning": [
              {
                "enabled": false,
                "mfa_delete": false
              }
            ],
            "website": [],
            "website_domain": null,
            "website_endpoint": null
          },
          "sensitive_attributes": [],
          "private": "eyJlMmJmYjczMC1lY2FhLTExZTYtOGY4OC0zNDM2M2JjN2M0YzAiOnsiY3JlYXRlIjoxMjAwMDAwMDAwMDAwLCJkZWxldGUiOjM2MDAwMDAwMDAwMDAsInJlYWQiOjEyMDAwMDAwMDAwMDAsInVwZGF0ZSI6MTIwMDAwMDAwMDAwMH19"
        }
      ]
    },
    {
      "module": "module.elb",
      "mode": "managed",
      "type": "aws_s3_bucket_lifecycle_configuration",
      "name": "elb_logs",
      "provider": "provider[\"registry.terraform.io/hashicorp/aws\"]",
      "instances": [
        {
          "schema_version": 0,
          "attributes": {
            "bucket": "my-app-elb-access-log-bucket",
            "expected_bucket_owner": "",
            "id": "my-app-elb-access-log-bucket",
            "rule": [
              {
                "abort_incomplete_multipart_upload": [],
                "expiration": [
                  {
                    "date": "",
                    "days": 90,
                    "expired_object_delete_marker": false
                  }
                ],
                "filter": [
                  {
                    "and": [],
                    "object_size_greater_than": null,
                    "object_size_less_than": null,
                    "prefix": null,
                    "tag": []
                  }
                ],
                "id": "expire_rule",
                "noncurrent_version_expiration": [],
                "noncurrent_version_transition": [],
                "prefix": "",
                "status": "Enabled",
                "transition": []
              }
            ]
          },
          "sensitive_attributes": [],
          "private": "bnVsbA==",
          "dependencies": [
            "module.elb.aws_s3_bucket.elb_logs"
          ]
        }
      ]
    },
    {
      "module": "module.elb",
      "mode": "managed",
      "type": "aws_s3_bucket_ownership_controls",
      "name": "elb_logs",
      "provider": "provider[\"registry.terraform.io/hashicorp/aws\"]",
      "instances": [
        {
          "schema_version": 0,
          "attributes": {
            "bucket": "my-app-elb-access-log-bucket",
            "id": "my-app-elb-access-log-bucket",
            "rule": [
              {
                "object_ownership": "BucketOwnerEnforced"
              }
            ]
          },
          "sensitive_attributes": [],
          "private": "bnVsbA==",
          "dependencies": [
            "module.elb.aws_s3_bucket.elb_logs"
          ]
        }
      ]
    },
    {
      "module": "module.elb",
      "mode": "managed",
      "type": "aws_s3_bucket_policy",
      "name": "elb_logs",
      "provider": "provider[\"registry.terraform.io/hashicorp/aws\"]",
      "instances": [
        {
          "schema_version": 0,
          "attributes": {
            "bucket": "my-app-elb-access-log-bucket",
            "id": "my-app-elb-access-log-bucket",
            "policy": "{\n  \"Version\": \"2012-10-17\",\n  \"Statement\": [\n    {\n      \"Sid\": \"\",\n      \"Effect\": \"Allow\",\n      \"Action\": \"s3:PutObject\",\n      \"Resource\": \"arn:aws:s3:::my-app-elb-access-log-bucket/*\",\n      \"Principal\": {\n        \"AWS\": \"arn:aws:iam::718504428378:root\"\n      }\n    }\n  ]\n}"
          },
          "sensitive_attributes": [],
          "private": "bnVsbA==",
          "dependencies": [
            "module.elb.aws_s3_bucket.elb_logs",
            "module.elb.data.aws_iam_policy_document.elb_logs"
          ]
        }
      ]
    },
    {
      "module": "module.elb",
      "mode": "managed",
      "type": "aws_s3_bucket_public_access_block",
      "name": "elb_logs",
      "provider": "provider[\"registry.terraform.io/hashicorp/aws\"]",
      "instances": [
        {
          "schema_version": 0,
          "attributes": {
            "block_public_acls": true,
            "block_public_policy": true,
            "bucket": "my-app-elb-access-log-bucket",
            "id": "my-app-elb-access-log-bucket",
            "ignore_public_acls": true,
            "restrict_public_buckets": true
          },
          "sensitive_attributes": [],
          "private": "bnVsbA==",
          "dependencies": [
            "module.elb.aws_s3_bucket.elb_logs"
          ]
        }
      ]
    },
    {
      "module": "module.elb",
      "mode": "managed",
      "type": "aws_security_group",
      "name": "elb_sg",
      "provider": "provider[\"registry.terraform.io/hashicorp/aws\"]",
      "instances": [
        {
          "schema_version": 1,
          "attributes": {
            "arn": "arn:aws:ec2:ap-south-1:222639972592:security-group/sg-0aab40743e4691ecc",
            "description": "Allow TLS inbound traffic",
            "egress": [],
            "id": "sg-0aab40743e4691ecc",
            "ingress": [],
            "name": "my-app-elb-sg",
            "name_prefix": "",
            "owner_id": "222639972592",
            "revoke_rules_on_delete": false,
            "tags": {
              "Name": "my-app-elb-sg",
              "costcenter": "c001",
              "env": "dev",
              "terraform": "true"
            },
            "tags_all": {
              "Name": "my-app-elb-sg",
              "costcenter": "c001",
              "env": "dev",
              "terraform": "true"
            },
            "timeouts": null,
            "vpc_id": "vpc-01b8d30a1945f8c0d"
          },
          "sensitive_attributes": [],
          "private": "eyJlMmJmYjczMC1lY2FhLTExZTYtOGY4OC0zNDM2M2JjN2M0YzAiOnsiY3JlYXRlIjo2MDAwMDAwMDAwMDAsImRlbGV0ZSI6OTAwMDAwMDAwMDAwfSwic2NoZW1hX3ZlcnNpb24iOiIxIn0=",
          "dependencies": [
            "module.vpc.module.vpc.aws_vpc.this"
          ]
        }
      ]
    },
    {
      "module": "module.elb",
      "mode": "managed",
      "type": "aws_security_group_rule",
      "name": "egress_rule",
      "provider": "provider[\"registry.terraform.io/hashicorp/aws\"]",
      "instances": [
        {
          "schema_version": 2,
          "attributes": {
            "cidr_blocks": [
              "0.0.0.0/0"
            ],
            "description": null,
            "from_port": 0,
            "id": "sgrule-3498677258",
            "ipv6_cidr_blocks": null,
            "prefix_list_ids": null,
            "protocol": "-1",
            "security_group_id": "sg-0aab40743e4691ecc",
            "security_group_rule_id": "sgr-09d837d7640ae3930",
            "self": false,
            "source_security_group_id": null,
            "timeouts": null,
            "to_port": 0,
            "type": "egress"
          },
          "sensitive_attributes": [],
          "private": "eyJlMmJmYjczMC1lY2FhLTExZTYtOGY4OC0zNDM2M2JjN2M0YzAiOnsiY3JlYXRlIjozMDAwMDAwMDAwMDB9LCJzY2hlbWFfdmVyc2lvbiI6IjIifQ==",
          "dependencies": [
            "module.elb.aws_security_group.elb_sg",
            "module.vpc.module.vpc.aws_vpc.this"
          ]
        }
      ]
    },
    {
      "module": "module.elb",
      "mode": "managed",
      "type": "aws_security_group_rule",
      "name": "http_port",
      "provider": "provider[\"registry.terraform.io/hashicorp/aws\"]",
      "instances": [
        {
          "schema_version": 2,
          "attributes": {
            "cidr_blocks": [
              "0.0.0.0/0"
            ],
            "description": null,
            "from_port": 80,
            "id": "sgrule-3251515541",
            "ipv6_cidr_blocks": null,
            "prefix_list_ids": null,
            "protocol": "tcp",
            "security_group_id": "sg-0aab40743e4691ecc",
            "security_group_rule_id": "sgr-0a597399b0433f086",
            "self": false,
            "source_security_group_id": null,
            "timeouts": null,
            "to_port": 80,
            "type": "ingress"
          },
          "sensitive_attributes": [],
          "private": "eyJlMmJmYjczMC1lY2FhLTExZTYtOGY4OC0zNDM2M2JjN2M0YzAiOnsiY3JlYXRlIjozMDAwMDAwMDAwMDB9LCJzY2hlbWFfdmVyc2lvbiI6IjIifQ==",
          "dependencies": [
            "module.elb.aws_security_group.elb_sg",
            "module.vpc.module.vpc.aws_vpc.this"
          ]
        }
      ]
    },
    {
      "module": "module.elb",
      "mode": "managed",
      "type": "aws_security_group_rule",
      "name": "https_port",
      "provider": "provider[\"registry.terraform.io/hashicorp/aws\"]",
      "instances": [
        {
          "schema_version": 2,
          "attributes": {
            "cidr_blocks": [
              "0.0.0.0/0"
            ],
            "description": null,
            "from_port": 443,
            "id": "sgrule-2362240463",
            "ipv6_cidr_blocks": null,
            "prefix_list_ids": null,
            "protocol": "tcp",
            "security_group_id": "sg-0aab40743e4691ecc",
            "security_group_rule_id": "sgr-031a5df5fa53a0115",
            "self": false,
            "source_security_group_id": null,
            "timeouts": null,
            "to_port": 443,
            "type": "ingress"
          },
          "sensitive_attributes": [],
          "private": "eyJlMmJmYjczMC1lY2FhLTExZTYtOGY4OC0zNDM2M2JjN2M0YzAiOnsiY3JlYXRlIjozMDAwMDAwMDAwMDB9LCJzY2hlbWFfdmVyc2lvbiI6IjIifQ==",
          "dependencies": [
            "module.elb.aws_security_group.elb_sg",
            "module.vpc.module.vpc.aws_vpc.this"
          ]
        }
      ]
    },
    {
      "module": "module.elb.module.elb.module.elb",
      "mode": "managed",
      "type": "aws_elb",
      "name": "this",
      "provider": "provider[\"registry.terraform.io/hashicorp/aws\"]",
      "instances": [
        {
          "index_key": 0,
          "schema_version": 0,
          "attributes": {
            "access_logs": [
              {
                "bucket": "my-app-elb-access-log-bucket",
                "bucket_prefix": "",
                "enabled": true,
                "interval": 60
              }
            ],
            "arn": "arn:aws:elasticloadbalancing:ap-south-1:222639972592:loadbalancer/my-app-elb",
            "availability_zones": [
              "ap-south-1a",
              "ap-south-1b",
              "ap-south-1c"
            ],
            "connection_draining": false,
            "connection_draining_timeout": 300,
            "cross_zone_load_balancing": true,
            "desync_mitigation_mode": "defensive",
            "dns_name": "my-app-elb-1416161517.ap-south-1.elb.amazonaws.com",
            "health_check": [
              {
                "healthy_threshold": 2,
                "interval": 30,
                "target": "HTTP:8080/",
                "timeout": 5,
                "unhealthy_threshold": 2
              }
            ],
            "id": "my-app-elb",
            "idle_timeout": 60,
            "instances": [],
            "internal": false,
            "listener": [
              {
                "instance_port": 8080,
                "instance_protocol": "http",
                "lb_port": 80,
                "lb_protocol": "http",
                "ssl_certificate_id": ""
              }
            ],
            "name": "my-app-elb",
            "name_prefix": null,
            "security_groups": [
              "sg-0aab40743e4691ecc"
            ],
            "source_security_group": "222639972592/my-app-elb-sg",
            "source_security_group_id": "sg-0aab40743e4691ecc",
            "subnets": [
              "subnet-00aecdccb4ec45836",
              "subnet-0738b549775b0eca1",
              "subnet-0b8d46de0b672dde4"
            ],
            "tags": {
              "Name": "my-app-elb",
              "costcenter": "c001",
              "env": "dev",
              "terraform": "true"
            },
            "tags_all": {
              "Name": "my-app-elb",
              "costcenter": "c001",
              "env": "dev",
              "terraform": "true"
            },
            "zone_id": "ZP97RAFLXTNZK"
          },
          "sensitive_attributes": [],
          "private": "bnVsbA==",
          "dependencies": [
            "module.elb.aws_s3_bucket.elb_logs",
            "module.elb.aws_security_group.elb_sg",
            "module.vpc.module.vpc.aws_subnet.public",
            "module.vpc.module.vpc.aws_vpc.this",
            "module.vpc.module.vpc.aws_vpc_ipv4_cidr_block_association.this"
          ]
        }
      ]
    },
    {
      "module": "module.elb.module.elb.module.elb_attachment",
      "mode": "managed",
      "type": "aws_elb_attachment",
      "name": "this",
      "provider": "provider[\"registry.terraform.io/hashicorp/aws\"]",
      "instances": [
        {
          "index_key": 0,
          "schema_version": 0,
          "attributes": {
            "elb": "my-app-elb",
            "id": "my-app-elb-2022112712084851490000000b",
            "instance": "i-0f6c1549c4b5fcf73"
          },
          "sensitive_attributes": [],
          "private": "bnVsbA==",
          "dependencies": [
            "module.ec2.aws_iam_instance_profile.ec2_instance_profile",
            "module.ec2.aws_iam_role.ec2_role",
            "module.ec2.aws_security_group.ec2_sg",
            "module.ec2.data.aws_iam_policy_document.ec2_assume_role_policy",
            "module.ec2.module.ec2_instance.aws_iam_instance_profile.this",
            "module.ec2.module.ec2_instance.aws_iam_role.this",
            "module.ec2.module.ec2_instance.aws_iam_role_policy_attachment.this",
            "module.ec2.module.ec2_instance.aws_instance.this",
            "module.ec2.module.ec2_instance.aws_spot_instance_request.this",
            "module.ec2.module.ec2_instance.data.aws_iam_policy_document.assume_role_policy",
            "module.ec2.module.ec2_instance.data.aws_partition.current",
            "module.ec2.module.ec2_instance.data.aws_ssm_parameter.this",
            "module.elb.aws_s3_bucket.elb_logs",
            "module.elb.aws_security_group.elb_sg",
            "module.elb.module.elb.module.elb.aws_elb.this",
            "module.vpc.module.vpc.aws_subnet.private",
            "module.vpc.module.vpc.aws_subnet.public",
            "module.vpc.module.vpc.aws_vpc.this",
            "module.vpc.module.vpc.aws_vpc_ipv4_cidr_block_association.this"
          ]
        }
      ]
    },
    {
      "module": "module.vpc.module.vpc",
      "mode": "data",
      "type": "aws_iam_policy_document",
      "name": "flow_log_cloudwatch_assume_role",
      "provider": "provider[\"registry.terraform.io/hashicorp/aws\"]",
      "instances": [
        {
          "index_key": 0,
          "schema_version": 0,
          "attributes": {
            "id": "1021377347",
            "json": "{\n  \"Version\": \"2012-10-17\",\n  \"Statement\": [\n    {\n      \"Sid\": \"AWSVPCFlowLogsAssumeRole\",\n      \"Effect\": \"Allow\",\n      \"Action\": \"sts:AssumeRole\",\n      \"Principal\": {\n        \"Service\": \"vpc-flow-logs.amazonaws.com\"\n      }\n    }\n  ]\n}",
            "override_json": null,
            "override_policy_documents": null,
            "policy_id": null,
            "source_json": null,
            "source_policy_documents": null,
            "statement": [
              {
                "actions": [
                  "sts:AssumeRole"
                ],
                "condition": [],
                "effect": "Allow",
                "not_actions": [],
                "not_principals": [],
                "not_resources": [],
                "principals": [
                  {
                    "identifiers": [
                      "vpc-flow-logs.amazonaws.com"
                    ],
                    "type": "Service"
                  }
                ],
                "resources": [],
                "sid": "AWSVPCFlowLogsAssumeRole"
              }
            ],
            "version": "2012-10-17"
          },
          "sensitive_attributes": []
        }
      ]
    },
    {
      "module": "module.vpc.module.vpc",
      "mode": "data",
      "type": "aws_iam_policy_document",
      "name": "vpc_flow_log_cloudwatch",
      "provider": "provider[\"registry.terraform.io/hashicorp/aws\"]",
      "instances": [
        {
          "index_key": 0,
          "schema_version": 0,
          "attributes": {
            "id": "2053943846",
            "json": "{\n  \"Version\": \"2012-10-17\",\n  \"Statement\": [\n    {\n      \"Sid\": \"AWSVPCFlowLogsPushToCloudWatch\",\n      \"Effect\": \"Allow\",\n      \"Action\": [\n        \"logs:PutLogEvents\",\n        \"logs:DescribeLogStreams\",\n        \"logs:DescribeLogGroups\",\n        \"logs:CreateLogStream\"\n      ],\n      \"Resource\": \"*\"\n    }\n  ]\n}",
            "override_json": null,
            "override_policy_documents": null,
            "policy_id": null,
            "source_json": null,
            "source_policy_documents": null,
            "statement": [
              {
                "actions": [
                  "logs:CreateLogStream",
                  "logs:DescribeLogGroups",
                  "logs:DescribeLogStreams",
                  "logs:PutLogEvents"
                ],
                "condition": [],
                "effect": "Allow",
                "not_actions": [],
                "not_principals": [],
                "not_resources": [],
                "principals": [],
                "resources": [
                  "*"
                ],
                "sid": "AWSVPCFlowLogsPushToCloudWatch"
              }
            ],
            "version": "2012-10-17"
          },
          "sensitive_attributes": []
        }
      ]
    },
    {
      "module": "module.vpc.module.vpc",
      "mode": "managed",
      "type": "aws_cloudwatch_log_group",
      "name": "flow_log",
      "provider": "provider[\"registry.terraform.io/hashicorp/aws\"]",
      "instances": [
        {
          "index_key": 0,
          "schema_version": 0,
          "attributes": {
            "arn": "arn:aws:logs:ap-south-1:222639972592:log-group:/aws/vpc-flow-log/vpc-01b8d30a1945f8c0d",
            "id": "/aws/vpc-flow-log/vpc-01b8d30a1945f8c0d",
            "kms_key_id": "",
            "name": "/aws/vpc-flow-log/vpc-01b8d30a1945f8c0d",
            "name_prefix": "",
            "retention_in_days": 0,
            "skip_destroy": false,
            "tags": {
              "costcenter": "c001",
              "env": "dev",
              "terraform": "true"
            },
            "tags_all": {
              "costcenter": "c001",
              "env": "dev",
              "terraform": "true"
            }
          },
          "sensitive_attributes": [],
          "private": "bnVsbA==",
          "dependencies": [
            "module.vpc.module.vpc.aws_vpc.this",
            "module.vpc.module.vpc.aws_vpc_ipv4_cidr_block_association.this"
          ]
        }
      ]
    },
    {
      "module": "module.vpc.module.vpc",
      "mode": "managed",
      "type": "aws_eip",
      "name": "nat",
      "provider": "provider[\"registry.terraform.io/hashicorp/aws\"]",
      "instances": [
        {
          "index_key": 0,
          "schema_version": 0,
          "attributes": {
            "address": null,
            "allocation_id": "eipalloc-0ba7fd27ac068c8b6",
            "associate_with_private_ip": null,
            "association_id": "",
            "carrier_ip": "",
            "customer_owned_ip": "",
            "customer_owned_ipv4_pool": "",
            "domain": "vpc",
            "id": "eipalloc-0ba7fd27ac068c8b6",
            "instance": "",
            "network_border_group": "ap-south-1",
            "network_interface": "",
            "private_dns": null,
            "private_ip": "",
            "public_dns": "ec2-13-127-8-7.ap-south-1.compute.amazonaws.com",
            "public_ip": "13.127.8.7",
            "public_ipv4_pool": "amazon",
            "tags": {
              "Name": "my-app-vpc-ap-south-1a",
              "costcenter": "c001",
              "env": "dev",
              "terraform": "true"
            },
            "tags_all": {
              "Name": "my-app-vpc-ap-south-1a",
              "costcenter": "c001",
              "env": "dev",
              "terraform": "true"
            },
            "timeouts": null,
            "vpc": true
          },
          "sensitive_attributes": [],
          "private": "eyJlMmJmYjczMC1lY2FhLTExZTYtOGY4OC0zNDM2M2JjN2M0YzAiOnsiZGVsZXRlIjoxODAwMDAwMDAwMDAsInJlYWQiOjkwMDAwMDAwMDAwMCwidXBkYXRlIjozMDAwMDAwMDAwMDB9fQ=="
        },
        {
          "index_key": 1,
          "schema_version": 0,
          "attributes": {
            "address": null,
            "allocation_id": "eipalloc-0928b3cf8c493ce77",
            "associate_with_private_ip": null,
            "association_id": "",
            "carrier_ip": "",
            "customer_owned_ip": "",
            "customer_owned_ipv4_pool": "",
            "domain": "vpc",
            "id": "eipalloc-0928b3cf8c493ce77",
            "instance": "",
            "network_border_group": "ap-south-1",
            "network_interface": "",
            "private_dns": null,
            "private_ip": "",
            "public_dns": "ec2-15-206-77-58.ap-south-1.compute.amazonaws.com",
            "public_ip": "15.206.77.58",
            "public_ipv4_pool": "amazon",
            "tags": {
              "Name": "my-app-vpc-ap-south-1b",
              "costcenter": "c001",
              "env": "dev",
              "terraform": "true"
            },
            "tags_all": {
              "Name": "my-app-vpc-ap-south-1b",
              "costcenter": "c001",
              "env": "dev",
              "terraform": "true"
            },
            "timeouts": null,
            "vpc": true
          },
          "sensitive_attributes": [],
          "private": "eyJlMmJmYjczMC1lY2FhLTExZTYtOGY4OC0zNDM2M2JjN2M0YzAiOnsiZGVsZXRlIjoxODAwMDAwMDAwMDAsInJlYWQiOjkwMDAwMDAwMDAwMCwidXBkYXRlIjozMDAwMDAwMDAwMDB9fQ=="
        },
        {
          "index_key": 2,
          "schema_version": 0,
          "attributes": {
            "address": null,
            "allocation_id": "eipalloc-0f3f43993fbb12f57",
            "associate_with_private_ip": null,
            "association_id": "",
            "carrier_ip": "",
            "customer_owned_ip": "",
            "customer_owned_ipv4_pool": "",
            "domain": "vpc",
            "id": "eipalloc-0f3f43993fbb12f57",
            "instance": "",
            "network_border_group": "ap-south-1",
            "network_interface": "",
            "private_dns": null,
            "private_ip": "",
            "public_dns": "ec2-13-234-174-170.ap-south-1.compute.amazonaws.com",
            "public_ip": "13.234.174.170",
            "public_ipv4_pool": "amazon",
            "tags": {
              "Name": "my-app-vpc-ap-south-1c",
              "costcenter": "c001",
              "env": "dev",
              "terraform": "true"
            },
            "tags_all": {
              "Name": "my-app-vpc-ap-south-1c",
              "costcenter": "c001",
              "env": "dev",
              "terraform": "true"
            },
            "timeouts": null,
            "vpc": true
          },
          "sensitive_attributes": [],
          "private": "eyJlMmJmYjczMC1lY2FhLTExZTYtOGY4OC0zNDM2M2JjN2M0YzAiOnsiZGVsZXRlIjoxODAwMDAwMDAwMDAsInJlYWQiOjkwMDAwMDAwMDAwMCwidXBkYXRlIjozMDAwMDAwMDAwMDB9fQ=="
        }
      ]
    },
    {
      "module": "module.vpc.module.vpc",
      "mode": "managed",
      "type": "aws_flow_log",
      "name": "this",
      "provider": "provider[\"registry.terraform.io/hashicorp/aws\"]",
      "instances": [
        {
          "index_key": 0,
          "schema_version": 0,
          "attributes": {
            "arn": "arn:aws:ec2:ap-south-1:222639972592:vpc-flow-log/fl-095da7164a9d4bb57",
            "destination_options": [],
            "eni_id": null,
            "iam_role_arn": "arn:aws:iam::222639972592:role/vpc-flow-log-role-20221127120820734600000002",
            "id": "fl-095da7164a9d4bb57",
            "log_destination": "arn:aws:logs:ap-south-1:222639972592:log-group:/aws/vpc-flow-log/vpc-01b8d30a1945f8c0d",
            "log_destination_type": "cloud-watch-logs",
            "log_format": "${version} ${account-id} ${interface-id} ${srcaddr} ${dstaddr} ${srcport} ${dstport} ${protocol} ${packets} ${bytes} ${start} ${end} ${action} ${log-status}",
            "log_group_name": "/aws/vpc-flow-log/vpc-01b8d30a1945f8c0d",
            "max_aggregation_interval": 600,
            "subnet_id": null,
            "tags": {
              "costcenter": "c001",
              "env": "dev",
              "terraform": "true"
            },
            "tags_all": {
              "costcenter": "c001",
              "env": "dev",
              "terraform": "true"
            },
            "traffic_type": "ALL",
            "transit_gateway_attachment_id": null,
            "transit_gateway_id": null,
            "vpc_id": "vpc-01b8d30a1945f8c0d"
          },
          "sensitive_attributes": [],
          "private": "bnVsbA==",
          "dependencies": [
            "module.vpc.module.vpc.aws_cloudwatch_log_group.flow_log",
            "module.vpc.module.vpc.aws_iam_role.vpc_flow_log_cloudwatch",
            "module.vpc.module.vpc.aws_vpc.this",
            "module.vpc.module.vpc.aws_vpc_ipv4_cidr_block_association.this",
            "module.vpc.module.vpc.data.aws_iam_policy_document.flow_log_cloudwatch_assume_role"
          ]
        }
      ]
    },
    {
      "module": "module.vpc.module.vpc",
      "mode": "managed",
      "type": "aws_iam_policy",
      "name": "vpc_flow_log_cloudwatch",
      "provider": "provider[\"registry.terraform.io/hashicorp/aws\"]",
      "instances": [
        {
          "index_key": 0,
          "schema_version": 0,
          "attributes": {
            "arn": "arn:aws:iam::222639972592:policy/vpc-flow-log-to-cloudwatch-20221127120820731600000001",
            "description": "",
            "id": "arn:aws:iam::222639972592:policy/vpc-flow-log-to-cloudwatch-20221127120820731600000001",
            "name": "vpc-flow-log-to-cloudwatch-20221127120820731600000001",
            "name_prefix": "vpc-flow-log-to-cloudwatch-",
            "path": "/",
            "policy": "{\"Statement\":[{\"Action\":[\"logs:PutLogEvents\",\"logs:DescribeLogStreams\",\"logs:DescribeLogGroups\",\"logs:CreateLogStream\"],\"Effect\":\"Allow\",\"Resource\":\"*\",\"Sid\":\"AWSVPCFlowLogsPushToCloudWatch\"}],\"Version\":\"2012-10-17\"}",
            "policy_id": "ANPATHVTAMDYGPIT3I4EZ",
            "tags": {
              "costcenter": "c001",
              "env": "dev",
              "terraform": "true"
            },
            "tags_all": {
              "costcenter": "c001",
              "env": "dev",
              "terraform": "true"
            }
          },
          "sensitive_attributes": [],
          "private": "bnVsbA==",
          "dependencies": [
            "module.vpc.module.vpc.data.aws_iam_policy_document.vpc_flow_log_cloudwatch"
          ]
        }
      ]
    },
    {
      "module": "module.vpc.module.vpc",
      "mode": "managed",
      "type": "aws_iam_role",
      "name": "vpc_flow_log_cloudwatch",
      "provider": "provider[\"registry.terraform.io/hashicorp/aws\"]",
      "instances": [
        {
          "index_key": 0,
          "schema_version": 0,
          "attributes": {
            "arn": "arn:aws:iam::222639972592:role/vpc-flow-log-role-20221127120820734600000002",
            "assume_role_policy": "{\"Statement\":[{\"Action\":\"sts:AssumeRole\",\"Effect\":\"Allow\",\"Principal\":{\"Service\":\"vpc-flow-logs.amazonaws.com\"},\"Sid\":\"AWSVPCFlowLogsAssumeRole\"}],\"Version\":\"2012-10-17\"}",
            "create_date": "2022-11-27T12:08:21Z",
            "description": "",
            "force_detach_policies": false,
            "id": "vpc-flow-log-role-20221127120820734600000002",
            "inline_policy": [],
            "managed_policy_arns": [],
            "max_session_duration": 3600,
            "name": "vpc-flow-log-role-20221127120820734600000002",
            "name_prefix": "vpc-flow-log-role-",
            "path": "/",
            "permissions_boundary": null,
            "tags": {
              "costcenter": "c001",
              "env": "dev",
              "terraform": "true"
            },
            "tags_all": {
              "costcenter": "c001",
              "env": "dev",
              "terraform": "true"
            },
            "unique_id": "AROATHVTAMDYKIGJBGPKK"
          },
          "sensitive_attributes": [],
          "private": "bnVsbA==",
          "dependencies": [
            "module.vpc.module.vpc.data.aws_iam_policy_document.flow_log_cloudwatch_assume_role"
          ]
        }
      ]
    },
    {
      "module": "module.vpc.module.vpc",
      "mode": "managed",
      "type": "aws_iam_role_policy_attachment",
      "name": "vpc_flow_log_cloudwatch",
      "provider": "provider[\"registry.terraform.io/hashicorp/aws\"]",
      "instances": [
        {
          "index_key": 0,
          "schema_version": 0,
          "attributes": {
            "id": "vpc-flow-log-role-20221127120820734600000002-20221127120823375400000005",
            "policy_arn": "arn:aws:iam::222639972592:policy/vpc-flow-log-to-cloudwatch-20221127120820731600000001",
            "role": "vpc-flow-log-role-20221127120820734600000002"
          },
          "sensitive_attributes": [],
          "private": "bnVsbA==",
          "dependencies": [
            "module.vpc.module.vpc.aws_iam_policy.vpc_flow_log_cloudwatch",
            "module.vpc.module.vpc.aws_iam_role.vpc_flow_log_cloudwatch",
            "module.vpc.module.vpc.data.aws_iam_policy_document.flow_log_cloudwatch_assume_role",
            "module.vpc.module.vpc.data.aws_iam_policy_document.vpc_flow_log_cloudwatch"
          ]
        }
      ]
    },
    {
      "module": "module.vpc.module.vpc",
      "mode": "managed",
      "type": "aws_internet_gateway",
      "name": "this",
      "provider": "provider[\"registry.terraform.io/hashicorp/aws\"]",
      "instances": [
        {
          "index_key": 0,
          "schema_version": 0,
          "attributes": {
            "arn": "arn:aws:ec2:ap-south-1:222639972592:internet-gateway/igw-008b77cf46483ca1d",
            "id": "igw-008b77cf46483ca1d",
            "owner_id": "222639972592",
            "tags": {
              "Name": "my-app-vpc",
              "costcenter": "c001",
              "env": "dev",
              "terraform": "true"
            },
            "tags_all": {
              "Name": "my-app-vpc",
              "costcenter": "c001",
              "env": "dev",
              "terraform": "true"
            },
            "timeouts": null,
            "vpc_id": "vpc-01b8d30a1945f8c0d"
          },
          "sensitive_attributes": [],
          "private": "eyJlMmJmYjczMC1lY2FhLTExZTYtOGY4OC0zNDM2M2JjN2M0YzAiOnsiY3JlYXRlIjoxMjAwMDAwMDAwMDAwLCJkZWxldGUiOjEyMDAwMDAwMDAwMDAsInVwZGF0ZSI6MTIwMDAwMDAwMDAwMH19",
          "dependencies": [
            "module.vpc.module.vpc.aws_vpc.this",
            "module.vpc.module.vpc.aws_vpc_ipv4_cidr_block_association.this"
          ]
        }
      ]
    },
    {
      "module": "module.vpc.module.vpc",
      "mode": "managed",
      "type": "aws_nat_gateway",
      "name": "this",
      "provider": "provider[\"registry.terraform.io/hashicorp/aws\"]",
      "instances": [
        {
          "index_key": 0,
          "schema_version": 0,
          "attributes": {
            "allocation_id": "eipalloc-0ba7fd27ac068c8b6",
            "connectivity_type": "public",
            "id": "nat-06d3165fbcb03d85c",
            "network_interface_id": "eni-08c24f1a9c89c9071",
            "private_ip": "10.50.48.54",
            "public_ip": "13.127.8.7",
            "subnet_id": "subnet-00aecdccb4ec45836",
            "tags": {
              "Name": "my-app-vpc-ap-south-1a",
              "costcenter": "c001",
              "env": "dev",
              "terraform": "true"
            },
            "tags_all": {
              "Name": "my-app-vpc-ap-south-1a",
              "costcenter": "c001",
              "env": "dev",
              "terraform": "true"
            }
          },
          "sensitive_attributes": [],
          "private": "bnVsbA==",
          "dependencies": [
            "module.vpc.module.vpc.aws_eip.nat",
            "module.vpc.module.vpc.aws_internet_gateway.this",
            "module.vpc.module.vpc.aws_subnet.public",
            "module.vpc.module.vpc.aws_vpc.this",
            "module.vpc.module.vpc.aws_vpc_ipv4_cidr_block_association.this"
          ]
        },
        {
          "index_key": 1,
          "schema_version": 0,
          "attributes": {
            "allocation_id": "eipalloc-0928b3cf8c493ce77",
            "connectivity_type": "public",
            "id": "nat-0a6884ad55e392db5",
            "network_interface_id": "eni-049aab0eb6b3e34ea",
            "private_ip": "10.50.71.211",
            "public_ip": "15.206.77.58",
            "subnet_id": "subnet-0b8d46de0b672dde4",
            "tags": {
              "Name": "my-app-vpc-ap-south-1b",
              "costcenter": "c001",
              "env": "dev",
              "terraform": "true"
            },
            "tags_all": {
              "Name": "my-app-vpc-ap-south-1b",
              "costcenter": "c001",
              "env": "dev",
              "terraform": "true"
            }
          },
          "sensitive_attributes": [],
          "private": "bnVsbA==",
          "dependencies": [
            "module.vpc.module.vpc.aws_eip.nat",
            "module.vpc.module.vpc.aws_internet_gateway.this",
            "module.vpc.module.vpc.aws_subnet.public",
            "module.vpc.module.vpc.aws_vpc.this",
            "module.vpc.module.vpc.aws_vpc_ipv4_cidr_block_association.this"
          ]
        },
        {
          "index_key": 2,
          "schema_version": 0,
          "attributes": {
            "allocation_id": "eipalloc-0f3f43993fbb12f57",
            "connectivity_type": "public",
            "id": "nat-0d92caf3957b24ea1",
            "network_interface_id": "eni-058454159048401f4",
            "private_ip": "10.50.81.236",
            "public_ip": "13.234.174.170",
            "subnet_id": "subnet-0738b549775b0eca1",
            "tags": {
              "Name": "my-app-vpc-ap-south-1c",
              "costcenter": "c001",
              "env": "dev",
              "terraform": "true"
            },
            "tags_all": {
              "Name": "my-app-vpc-ap-south-1c",
              "costcenter": "c001",
              "env": "dev",
              "terraform": "true"
            }
          },
          "sensitive_attributes": [],
          "private": "bnVsbA==",
          "dependencies": [
            "module.vpc.module.vpc.aws_eip.nat",
            "module.vpc.module.vpc.aws_internet_gateway.this",
            "module.vpc.module.vpc.aws_subnet.public",
            "module.vpc.module.vpc.aws_vpc.this",
            "module.vpc.module.vpc.aws_vpc_ipv4_cidr_block_association.this"
          ]
        }
      ]
    },
    {
      "module": "module.vpc.module.vpc",
      "mode": "managed",
      "type": "aws_route",
      "name": "private_nat_gateway",
      "provider": "provider[\"registry.terraform.io/hashicorp/aws\"]",
      "instances": [
        {
          "index_key": 0,
          "schema_version": 0,
          "attributes": {
            "carrier_gateway_id": "",
            "core_network_arn": "",
            "destination_cidr_block": "0.0.0.0/0",
            "destination_ipv6_cidr_block": "",
            "destination_prefix_list_id": "",
            "egress_only_gateway_id": "",
            "gateway_id": "",
            "id": "r-rtb-0f9f4dc8e3af458111080289494",
            "instance_id": "",
            "instance_owner_id": "",
            "local_gateway_id": "",
            "nat_gateway_id": "nat-06d3165fbcb03d85c",
            "network_interface_id": "",
            "origin": "CreateRoute",
            "route_table_id": "rtb-0f9f4dc8e3af45811",
            "state": "active",
            "timeouts": {
              "create": "5m",
              "delete": null,
              "update": null
            },
            "transit_gateway_id": "",
            "vpc_endpoint_id": "",
            "vpc_peering_connection_id": ""
          },
          "sensitive_attributes": [],
          "private": "eyJlMmJmYjczMC1lY2FhLTExZTYtOGY4OC0zNDM2M2JjN2M0YzAiOnsiY3JlYXRlIjozMDAwMDAwMDAwMDAsImRlbGV0ZSI6MzAwMDAwMDAwMDAwLCJ1cGRhdGUiOjEyMDAwMDAwMDAwMH19",
          "dependencies": [
            "module.vpc.module.vpc.aws_eip.nat",
            "module.vpc.module.vpc.aws_internet_gateway.this",
            "module.vpc.module.vpc.aws_nat_gateway.this",
            "module.vpc.module.vpc.aws_route_table.private",
            "module.vpc.module.vpc.aws_subnet.public",
            "module.vpc.module.vpc.aws_vpc.this",
            "module.vpc.module.vpc.aws_vpc_ipv4_cidr_block_association.this"
          ]
        },
        {
          "index_key": 1,
          "schema_version": 0,
          "attributes": {
            "carrier_gateway_id": "",
            "core_network_arn": "",
            "destination_cidr_block": "0.0.0.0/0",
            "destination_ipv6_cidr_block": "",
            "destination_prefix_list_id": "",
            "egress_only_gateway_id": "",
            "gateway_id": "",
            "id": "r-rtb-0a437f8a3f2fb67e11080289494",
            "instance_id": "",
            "instance_owner_id": "",
            "local_gateway_id": "",
            "nat_gateway_id": "nat-0a6884ad55e392db5",
            "network_interface_id": "",
            "origin": "CreateRoute",
            "route_table_id": "rtb-0a437f8a3f2fb67e1",
            "state": "active",
            "timeouts": {
              "create": "5m",
              "delete": null,
              "update": null
            },
            "transit_gateway_id": "",
            "vpc_endpoint_id": "",
            "vpc_peering_connection_id": ""
          },
          "sensitive_attributes": [],
          "private": "eyJlMmJmYjczMC1lY2FhLTExZTYtOGY4OC0zNDM2M2JjN2M0YzAiOnsiY3JlYXRlIjozMDAwMDAwMDAwMDAsImRlbGV0ZSI6MzAwMDAwMDAwMDAwLCJ1cGRhdGUiOjEyMDAwMDAwMDAwMH19",
          "dependencies": [
            "module.vpc.module.vpc.aws_eip.nat",
            "module.vpc.module.vpc.aws_internet_gateway.this",
            "module.vpc.module.vpc.aws_nat_gateway.this",
            "module.vpc.module.vpc.aws_route_table.private",
            "module.vpc.module.vpc.aws_subnet.public",
            "module.vpc.module.vpc.aws_vpc.this",
            "module.vpc.module.vpc.aws_vpc_ipv4_cidr_block_association.this"
          ]
        },
        {
          "index_key": 2,
          "schema_version": 0,
          "attributes": {
            "carrier_gateway_id": "",
            "core_network_arn": "",
            "destination_cidr_block": "0.0.0.0/0",
            "destination_ipv6_cidr_block": "",
            "destination_prefix_list_id": "",
            "egress_only_gateway_id": "",
            "gateway_id": "",
            "id": "r-rtb-08fe99a1f3b3c9ee61080289494",
            "instance_id": "",
            "instance_owner_id": "",
            "local_gateway_id": "",
            "nat_gateway_id": "nat-0d92caf3957b24ea1",
            "network_interface_id": "",
            "origin": "CreateRoute",
            "route_table_id": "rtb-08fe99a1f3b3c9ee6",
            "state": "active",
            "timeouts": {
              "create": "5m",
              "delete": null,
              "update": null
            },
            "transit_gateway_id": "",
            "vpc_endpoint_id": "",
            "vpc_peering_connection_id": ""
          },
          "sensitive_attributes": [],
          "private": "eyJlMmJmYjczMC1lY2FhLTExZTYtOGY4OC0zNDM2M2JjN2M0YzAiOnsiY3JlYXRlIjozMDAwMDAwMDAwMDAsImRlbGV0ZSI6MzAwMDAwMDAwMDAwLCJ1cGRhdGUiOjEyMDAwMDAwMDAwMH19",
          "dependencies": [
            "module.vpc.module.vpc.aws_eip.nat",
            "module.vpc.module.vpc.aws_internet_gateway.this",
            "module.vpc.module.vpc.aws_nat_gateway.this",
            "module.vpc.module.vpc.aws_route_table.private",
            "module.vpc.module.vpc.aws_subnet.public",
            "module.vpc.module.vpc.aws_vpc.this",
            "module.vpc.module.vpc.aws_vpc_ipv4_cidr_block_association.this"
          ]
        }
      ]
    },
    {
      "module": "module.vpc.module.vpc",
      "mode": "managed",
      "type": "aws_route",
      "name": "public_internet_gateway",
      "provider": "provider[\"registry.terraform.io/hashicorp/aws\"]",
      "instances": [
        {
          "index_key": 0,
          "schema_version": 0,
          "attributes": {
            "carrier_gateway_id": "",
            "core_network_arn": "",
            "destination_cidr_block": "0.0.0.0/0",
            "destination_ipv6_cidr_block": "",
            "destination_prefix_list_id": "",
            "egress_only_gateway_id": "",
            "gateway_id": "igw-008b77cf46483ca1d",
            "id": "r-rtb-038c326fa499568891080289494",
            "instance_id": "",
            "instance_owner_id": "",
            "local_gateway_id": "",
            "nat_gateway_id": "",
            "network_interface_id": "",
            "origin": "CreateRoute",
            "route_table_id": "rtb-038c326fa49956889",
            "state": "active",
            "timeouts": {
              "create": "5m",
              "delete": null,
              "update": null
            },
            "transit_gateway_id": "",
            "vpc_endpoint_id": "",
            "vpc_peering_connection_id": ""
          },
          "sensitive_attributes": [],
          "private": "eyJlMmJmYjczMC1lY2FhLTExZTYtOGY4OC0zNDM2M2JjN2M0YzAiOnsiY3JlYXRlIjozMDAwMDAwMDAwMDAsImRlbGV0ZSI6MzAwMDAwMDAwMDAwLCJ1cGRhdGUiOjEyMDAwMDAwMDAwMH19",
          "dependencies": [
            "module.vpc.module.vpc.aws_internet_gateway.this",
            "module.vpc.module.vpc.aws_route_table.public",
            "module.vpc.module.vpc.aws_vpc.this",
            "module.vpc.module.vpc.aws_vpc_ipv4_cidr_block_association.this"
          ]
        }
      ]
    },
    {
      "module": "module.vpc.module.vpc",
      "mode": "managed",
      "type": "aws_route_table",
      "name": "private",
      "provider": "provider[\"registry.terraform.io/hashicorp/aws\"]",
      "instances": [
        {
          "index_key": 0,
          "schema_version": 0,
          "attributes": {
            "arn": "arn:aws:ec2:ap-south-1:222639972592:route-table/rtb-0f9f4dc8e3af45811",
            "id": "rtb-0f9f4dc8e3af45811",
            "owner_id": "222639972592",
            "propagating_vgws": [],
            "route": [],
            "tags": {
              "Name": "my-app-vpc-private-ap-south-1a",
              "costcenter": "c001",
              "env": "dev",
              "terraform": "true"
            },
            "tags_all": {
              "Name": "my-app-vpc-private-ap-south-1a",
              "costcenter": "c001",
              "env": "dev",
              "terraform": "true"
            },
            "timeouts": null,
            "vpc_id": "vpc-01b8d30a1945f8c0d"
          },
          "sensitive_attributes": [],
          "private": "eyJlMmJmYjczMC1lY2FhLTExZTYtOGY4OC0zNDM2M2JjN2M0YzAiOnsiY3JlYXRlIjozMDAwMDAwMDAwMDAsImRlbGV0ZSI6MzAwMDAwMDAwMDAwLCJ1cGRhdGUiOjEyMDAwMDAwMDAwMH19",
          "dependencies": [
            "module.vpc.module.vpc.aws_vpc.this",
            "module.vpc.module.vpc.aws_vpc_ipv4_cidr_block_association.this"
          ]
        },
        {
          "index_key": 1,
          "schema_version": 0,
          "attributes": {
            "arn": "arn:aws:ec2:ap-south-1:222639972592:route-table/rtb-0a437f8a3f2fb67e1",
            "id": "rtb-0a437f8a3f2fb67e1",
            "owner_id": "222639972592",
            "propagating_vgws": [],
            "route": [],
            "tags": {
              "Name": "my-app-vpc-private-ap-south-1b",
              "costcenter": "c001",
              "env": "dev",
              "terraform": "true"
            },
            "tags_all": {
              "Name": "my-app-vpc-private-ap-south-1b",
              "costcenter": "c001",
              "env": "dev",
              "terraform": "true"
            },
            "timeouts": null,
            "vpc_id": "vpc-01b8d30a1945f8c0d"
          },
          "sensitive_attributes": [],
          "private": "eyJlMmJmYjczMC1lY2FhLTExZTYtOGY4OC0zNDM2M2JjN2M0YzAiOnsiY3JlYXRlIjozMDAwMDAwMDAwMDAsImRlbGV0ZSI6MzAwMDAwMDAwMDAwLCJ1cGRhdGUiOjEyMDAwMDAwMDAwMH19",
          "dependencies": [
            "module.vpc.module.vpc.aws_vpc.this",
            "module.vpc.module.vpc.aws_vpc_ipv4_cidr_block_association.this"
          ]
        },
        {
          "index_key": 2,
          "schema_version": 0,
          "attributes": {
            "arn": "arn:aws:ec2:ap-south-1:222639972592:route-table/rtb-08fe99a1f3b3c9ee6",
            "id": "rtb-08fe99a1f3b3c9ee6",
            "owner_id": "222639972592",
            "propagating_vgws": [],
            "route": [],
            "tags": {
              "Name": "my-app-vpc-private-ap-south-1c",
              "costcenter": "c001",
              "env": "dev",
              "terraform": "true"
            },
            "tags_all": {
              "Name": "my-app-vpc-private-ap-south-1c",
              "costcenter": "c001",
              "env": "dev",
              "terraform": "true"
            },
            "timeouts": null,
            "vpc_id": "vpc-01b8d30a1945f8c0d"
          },
          "sensitive_attributes": [],
          "private": "eyJlMmJmYjczMC1lY2FhLTExZTYtOGY4OC0zNDM2M2JjN2M0YzAiOnsiY3JlYXRlIjozMDAwMDAwMDAwMDAsImRlbGV0ZSI6MzAwMDAwMDAwMDAwLCJ1cGRhdGUiOjEyMDAwMDAwMDAwMH19",
          "dependencies": [
            "module.vpc.module.vpc.aws_vpc.this",
            "module.vpc.module.vpc.aws_vpc_ipv4_cidr_block_association.this"
          ]
        }
      ]
    },
    {
      "module": "module.vpc.module.vpc",
      "mode": "managed",
      "type": "aws_route_table",
      "name": "public",
      "provider": "provider[\"registry.terraform.io/hashicorp/aws\"]",
      "instances": [
        {
          "index_key": 0,
          "schema_version": 0,
          "attributes": {
            "arn": "arn:aws:ec2:ap-south-1:222639972592:route-table/rtb-038c326fa49956889",
            "id": "rtb-038c326fa49956889",
            "owner_id": "222639972592",
            "propagating_vgws": [],
            "route": [],
            "tags": {
              "Name": "my-app-vpc-public",
              "costcenter": "c001",
              "env": "dev",
              "terraform": "true"
            },
            "tags_all": {
              "Name": "my-app-vpc-public",
              "costcenter": "c001",
              "env": "dev",
              "terraform": "true"
            },
            "timeouts": null,
            "vpc_id": "vpc-01b8d30a1945f8c0d"
          },
          "sensitive_attributes": [],
          "private": "eyJlMmJmYjczMC1lY2FhLTExZTYtOGY4OC0zNDM2M2JjN2M0YzAiOnsiY3JlYXRlIjozMDAwMDAwMDAwMDAsImRlbGV0ZSI6MzAwMDAwMDAwMDAwLCJ1cGRhdGUiOjEyMDAwMDAwMDAwMH19",
          "dependencies": [
            "module.vpc.module.vpc.aws_vpc.this",
            "module.vpc.module.vpc.aws_vpc_ipv4_cidr_block_association.this"
          ]
        }
      ]
    },
    {
      "module": "module.vpc.module.vpc",
      "mode": "managed",
      "type": "aws_route_table_association",
      "name": "private",
      "provider": "provider[\"registry.terraform.io/hashicorp/aws\"]",
      "instances": [
        {
          "index_key": 0,
          "schema_version": 0,
          "attributes": {
            "gateway_id": "",
            "id": "rtbassoc-0e2c71138596d4724",
            "route_table_id": "rtb-0f9f4dc8e3af45811",
            "subnet_id": "subnet-062132f0235d18496"
          },
          "sensitive_attributes": [],
          "private": "bnVsbA==",
          "dependencies": [
            "module.vpc.module.vpc.aws_route_table.private",
            "module.vpc.module.vpc.aws_subnet.private",
            "module.vpc.module.vpc.aws_vpc.this",
            "module.vpc.module.vpc.aws_vpc_ipv4_cidr_block_association.this"
          ]
        },
        {
          "index_key": 1,
          "schema_version": 0,
          "attributes": {
            "gateway_id": "",
            "id": "rtbassoc-0cd1248e2b6ec44e5",
            "route_table_id": "rtb-0a437f8a3f2fb67e1",
            "subnet_id": "subnet-07bbedba7bb61e9e5"
          },
          "sensitive_attributes": [],
          "private": "bnVsbA==",
          "dependencies": [
            "module.vpc.module.vpc.aws_route_table.private",
            "module.vpc.module.vpc.aws_subnet.private",
            "module.vpc.module.vpc.aws_vpc.this",
            "module.vpc.module.vpc.aws_vpc_ipv4_cidr_block_association.this"
          ]
        },
        {
          "index_key": 2,
          "schema_version": 0,
          "attributes": {
            "gateway_id": "",
            "id": "rtbassoc-04f70e1a83c51f9d2",
            "route_table_id": "rtb-08fe99a1f3b3c9ee6",
            "subnet_id": "subnet-03f8a8261e3d5cdba"
          },
          "sensitive_attributes": [],
          "private": "bnVsbA==",
          "dependencies": [
            "module.vpc.module.vpc.aws_route_table.private",
            "module.vpc.module.vpc.aws_subnet.private",
            "module.vpc.module.vpc.aws_vpc.this",
            "module.vpc.module.vpc.aws_vpc_ipv4_cidr_block_association.this"
          ]
        }
      ]
    },
    {
      "module": "module.vpc.module.vpc",
      "mode": "managed",
      "type": "aws_route_table_association",
      "name": "public",
      "provider": "provider[\"registry.terraform.io/hashicorp/aws\"]",
      "instances": [
        {
          "index_key": 0,
          "schema_version": 0,
          "attributes": {
            "gateway_id": "",
            "id": "rtbassoc-0e81d106ff789e291",
            "route_table_id": "rtb-038c326fa49956889",
            "subnet_id": "subnet-00aecdccb4ec45836"
          },
          "sensitive_attributes": [],
          "private": "bnVsbA==",
          "dependencies": [
            "module.vpc.module.vpc.aws_route_table.public",
            "module.vpc.module.vpc.aws_subnet.public",
            "module.vpc.module.vpc.aws_vpc.this",
            "module.vpc.module.vpc.aws_vpc_ipv4_cidr_block_association.this"
          ]
        },
        {
          "index_key": 1,
          "schema_version": 0,
          "attributes": {
            "gateway_id": "",
            "id": "rtbassoc-0e0459fb247d5e381",
            "route_table_id": "rtb-038c326fa49956889",
            "subnet_id": "subnet-0b8d46de0b672dde4"
          },
          "sensitive_attributes": [],
          "private": "bnVsbA==",
          "dependencies": [
            "module.vpc.module.vpc.aws_route_table.public",
            "module.vpc.module.vpc.aws_subnet.public",
            "module.vpc.module.vpc.aws_vpc.this",
            "module.vpc.module.vpc.aws_vpc_ipv4_cidr_block_association.this"
          ]
        },
        {
          "index_key": 2,
          "schema_version": 0,
          "attributes": {
            "gateway_id": "",
            "id": "rtbassoc-06ab265ac16c55abe",
            "route_table_id": "rtb-038c326fa49956889",
            "subnet_id": "subnet-0738b549775b0eca1"
          },
          "sensitive_attributes": [],
          "private": "bnVsbA==",
          "dependencies": [
            "module.vpc.module.vpc.aws_route_table.public",
            "module.vpc.module.vpc.aws_subnet.public",
            "module.vpc.module.vpc.aws_vpc.this",
            "module.vpc.module.vpc.aws_vpc_ipv4_cidr_block_association.this"
          ]
        }
      ]
    },
    {
      "module": "module.vpc.module.vpc",
      "mode": "managed",
      "type": "aws_subnet",
      "name": "private",
      "provider": "provider[\"registry.terraform.io/hashicorp/aws\"]",
      "instances": [
        {
          "index_key": 0,
          "schema_version": 1,
          "attributes": {
            "arn": "arn:aws:ec2:ap-south-1:222639972592:subnet/subnet-062132f0235d18496",
            "assign_ipv6_address_on_creation": false,
            "availability_zone": "ap-south-1a",
            "availability_zone_id": "aps1-az1",
            "cidr_block": "10.50.0.0/20",
            "customer_owned_ipv4_pool": "",
            "enable_dns64": false,
            "enable_resource_name_dns_a_record_on_launch": false,
            "enable_resource_name_dns_aaaa_record_on_launch": false,
            "id": "subnet-062132f0235d18496",
            "ipv6_cidr_block": "",
            "ipv6_cidr_block_association_id": "",
            "ipv6_native": false,
            "map_customer_owned_ip_on_launch": false,
            "map_public_ip_on_launch": false,
            "outpost_arn": "",
            "owner_id": "222639972592",
            "private_dns_hostname_type_on_launch": "ip-name",
            "tags": {
              "Name": "my-app-vpc-private-ap-south-1a",
              "costcenter": "c001",
              "env": "dev",
              "terraform": "true"
            },
            "tags_all": {
              "Name": "my-app-vpc-private-ap-south-1a",
              "costcenter": "c001",
              "env": "dev",
              "terraform": "true"
            },
            "timeouts": null,
            "vpc_id": "vpc-01b8d30a1945f8c0d"
          },
          "sensitive_attributes": [],
          "private": "eyJlMmJmYjczMC1lY2FhLTExZTYtOGY4OC0zNDM2M2JjN2M0YzAiOnsiY3JlYXRlIjo2MDAwMDAwMDAwMDAsImRlbGV0ZSI6MTIwMDAwMDAwMDAwMH0sInNjaGVtYV92ZXJzaW9uIjoiMSJ9",
          "dependencies": [
            "module.vpc.module.vpc.aws_vpc.this",
            "module.vpc.module.vpc.aws_vpc_ipv4_cidr_block_association.this"
          ]
        },
        {
          "index_key": 1,
          "schema_version": 1,
          "attributes": {
            "arn": "arn:aws:ec2:ap-south-1:222639972592:subnet/subnet-07bbedba7bb61e9e5",
            "assign_ipv6_address_on_creation": false,
            "availability_zone": "ap-south-1b",
            "availability_zone_id": "aps1-az3",
            "cidr_block": "10.50.16.0/20",
            "customer_owned_ipv4_pool": "",
            "enable_dns64": false,
            "enable_resource_name_dns_a_record_on_launch": false,
            "enable_resource_name_dns_aaaa_record_on_launch": false,
            "id": "subnet-07bbedba7bb61e9e5",
            "ipv6_cidr_block": "",
            "ipv6_cidr_block_association_id": "",
            "ipv6_native": false,
            "map_customer_owned_ip_on_launch": false,
            "map_public_ip_on_launch": false,
            "outpost_arn": "",
            "owner_id": "222639972592",
            "private_dns_hostname_type_on_launch": "ip-name",
            "tags": {
              "Name": "my-app-vpc-private-ap-south-1b",
              "costcenter": "c001",
              "env": "dev",
              "terraform": "true"
            },
            "tags_all": {
              "Name": "my-app-vpc-private-ap-south-1b",
              "costcenter": "c001",
              "env": "dev",
              "terraform": "true"
            },
            "timeouts": null,
            "vpc_id": "vpc-01b8d30a1945f8c0d"
          },
          "sensitive_attributes": [],
          "private": "eyJlMmJmYjczMC1lY2FhLTExZTYtOGY4OC0zNDM2M2JjN2M0YzAiOnsiY3JlYXRlIjo2MDAwMDAwMDAwMDAsImRlbGV0ZSI6MTIwMDAwMDAwMDAwMH0sInNjaGVtYV92ZXJzaW9uIjoiMSJ9",
          "dependencies": [
            "module.vpc.module.vpc.aws_vpc.this",
            "module.vpc.module.vpc.aws_vpc_ipv4_cidr_block_association.this"
          ]
        },
        {
          "index_key": 2,
          "schema_version": 1,
          "attributes": {
            "arn": "arn:aws:ec2:ap-south-1:222639972592:subnet/subnet-03f8a8261e3d5cdba",
            "assign_ipv6_address_on_creation": false,
            "availability_zone": "ap-south-1c",
            "availability_zone_id": "aps1-az2",
            "cidr_block": "10.50.32.0/20",
            "customer_owned_ipv4_pool": "",
            "enable_dns64": false,
            "enable_resource_name_dns_a_record_on_launch": false,
            "enable_resource_name_dns_aaaa_record_on_launch": false,
            "id": "subnet-03f8a8261e3d5cdba",
            "ipv6_cidr_block": "",
            "ipv6_cidr_block_association_id": "",
            "ipv6_native": false,
            "map_customer_owned_ip_on_launch": false,
            "map_public_ip_on_launch": false,
            "outpost_arn": "",
            "owner_id": "222639972592",
            "private_dns_hostname_type_on_launch": "ip-name",
            "tags": {
              "Name": "my-app-vpc-private-ap-south-1c",
              "costcenter": "c001",
              "env": "dev",
              "terraform": "true"
            },
            "tags_all": {
              "Name": "my-app-vpc-private-ap-south-1c",
              "costcenter": "c001",
              "env": "dev",
              "terraform": "true"
            },
            "timeouts": null,
            "vpc_id": "vpc-01b8d30a1945f8c0d"
          },
          "sensitive_attributes": [],
          "private": "eyJlMmJmYjczMC1lY2FhLTExZTYtOGY4OC0zNDM2M2JjN2M0YzAiOnsiY3JlYXRlIjo2MDAwMDAwMDAwMDAsImRlbGV0ZSI6MTIwMDAwMDAwMDAwMH0sInNjaGVtYV92ZXJzaW9uIjoiMSJ9",
          "dependencies": [
            "module.vpc.module.vpc.aws_vpc.this",
            "module.vpc.module.vpc.aws_vpc_ipv4_cidr_block_association.this"
          ]
        }
      ]
    },
    {
      "module": "module.vpc.module.vpc",
      "mode": "managed",
      "type": "aws_subnet",
      "name": "public",
      "provider": "provider[\"registry.terraform.io/hashicorp/aws\"]",
      "instances": [
        {
          "index_key": 0,
          "schema_version": 1,
          "attributes": {
            "arn": "arn:aws:ec2:ap-south-1:222639972592:subnet/subnet-00aecdccb4ec45836",
            "assign_ipv6_address_on_creation": false,
            "availability_zone": "ap-south-1a",
            "availability_zone_id": "aps1-az1",
            "cidr_block": "10.50.48.0/20",
            "customer_owned_ipv4_pool": "",
            "enable_dns64": false,
            "enable_resource_name_dns_a_record_on_launch": false,
            "enable_resource_name_dns_aaaa_record_on_launch": false,
            "id": "subnet-00aecdccb4ec45836",
            "ipv6_cidr_block": "",
            "ipv6_cidr_block_association_id": "",
            "ipv6_native": false,
            "map_customer_owned_ip_on_launch": false,
            "map_public_ip_on_launch": true,
            "outpost_arn": "",
            "owner_id": "222639972592",
            "private_dns_hostname_type_on_launch": "ip-name",
            "tags": {
              "Name": "my-app-vpc-public-ap-south-1a",
              "costcenter": "c001",
              "env": "dev",
              "terraform": "true"
            },
            "tags_all": {
              "Name": "my-app-vpc-public-ap-south-1a",
              "costcenter": "c001",
              "env": "dev",
              "terraform": "true"
            },
            "timeouts": null,
            "vpc_id": "vpc-01b8d30a1945f8c0d"
          },
          "sensitive_attributes": [],
          "private": "eyJlMmJmYjczMC1lY2FhLTExZTYtOGY4OC0zNDM2M2JjN2M0YzAiOnsiY3JlYXRlIjo2MDAwMDAwMDAwMDAsImRlbGV0ZSI6MTIwMDAwMDAwMDAwMH0sInNjaGVtYV92ZXJzaW9uIjoiMSJ9",
          "dependencies": [
            "module.vpc.module.vpc.aws_vpc.this",
            "module.vpc.module.vpc.aws_vpc_ipv4_cidr_block_association.this"
          ]
        },
        {
          "index_key": 1,
          "schema_version": 1,
          "attributes": {
            "arn": "arn:aws:ec2:ap-south-1:222639972592:subnet/subnet-0b8d46de0b672dde4",
            "assign_ipv6_address_on_creation": false,
            "availability_zone": "ap-south-1b",
            "availability_zone_id": "aps1-az3",
            "cidr_block": "10.50.64.0/20",
            "customer_owned_ipv4_pool": "",
            "enable_dns64": false,
            "enable_resource_name_dns_a_record_on_launch": false,
            "enable_resource_name_dns_aaaa_record_on_launch": false,
            "id": "subnet-0b8d46de0b672dde4",
            "ipv6_cidr_block": "",
            "ipv6_cidr_block_association_id": "",
            "ipv6_native": false,
            "map_customer_owned_ip_on_launch": false,
            "map_public_ip_on_launch": true,
            "outpost_arn": "",
            "owner_id": "222639972592",
            "private_dns_hostname_type_on_launch": "ip-name",
            "tags": {
              "Name": "my-app-vpc-public-ap-south-1b",
              "costcenter": "c001",
              "env": "dev",
              "terraform": "true"
            },
            "tags_all": {
              "Name": "my-app-vpc-public-ap-south-1b",
              "costcenter": "c001",
              "env": "dev",
              "terraform": "true"
            },
            "timeouts": null,
            "vpc_id": "vpc-01b8d30a1945f8c0d"
          },
          "sensitive_attributes": [],
          "private": "eyJlMmJmYjczMC1lY2FhLTExZTYtOGY4OC0zNDM2M2JjN2M0YzAiOnsiY3JlYXRlIjo2MDAwMDAwMDAwMDAsImRlbGV0ZSI6MTIwMDAwMDAwMDAwMH0sInNjaGVtYV92ZXJzaW9uIjoiMSJ9",
          "dependencies": [
            "module.vpc.module.vpc.aws_vpc.this",
            "module.vpc.module.vpc.aws_vpc_ipv4_cidr_block_association.this"
          ]
        },
        {
          "index_key": 2,
          "schema_version": 1,
          "attributes": {
            "arn": "arn:aws:ec2:ap-south-1:222639972592:subnet/subnet-0738b549775b0eca1",
            "assign_ipv6_address_on_creation": false,
            "availability_zone": "ap-south-1c",
            "availability_zone_id": "aps1-az2",
            "cidr_block": "10.50.80.0/20",
            "customer_owned_ipv4_pool": "",
            "enable_dns64": false,
            "enable_resource_name_dns_a_record_on_launch": false,
            "enable_resource_name_dns_aaaa_record_on_launch": false,
            "id": "subnet-0738b549775b0eca1",
            "ipv6_cidr_block": "",
            "ipv6_cidr_block_association_id": "",
            "ipv6_native": false,
            "map_customer_owned_ip_on_launch": false,
            "map_public_ip_on_launch": true,
            "outpost_arn": "",
            "owner_id": "222639972592",
            "private_dns_hostname_type_on_launch": "ip-name",
            "tags": {
              "Name": "my-app-vpc-public-ap-south-1c",
              "costcenter": "c001",
              "env": "dev",
              "terraform": "true"
            },
            "tags_all": {
              "Name": "my-app-vpc-public-ap-south-1c",
              "costcenter": "c001",
              "env": "dev",
              "terraform": "true"
            },
            "timeouts": null,
            "vpc_id": "vpc-01b8d30a1945f8c0d"
          },
          "sensitive_attributes": [],
          "private": "eyJlMmJmYjczMC1lY2FhLTExZTYtOGY4OC0zNDM2M2JjN2M0YzAiOnsiY3JlYXRlIjo2MDAwMDAwMDAwMDAsImRlbGV0ZSI6MTIwMDAwMDAwMDAwMH0sInNjaGVtYV92ZXJzaW9uIjoiMSJ9",
          "dependencies": [
            "module.vpc.module.vpc.aws_vpc.this",
            "module.vpc.module.vpc.aws_vpc_ipv4_cidr_block_association.this"
          ]
        }
      ]
    },
    {
      "module": "module.vpc.module.vpc",
      "mode": "managed",
      "type": "aws_vpc",
      "name": "this",
      "provider": "provider[\"registry.terraform.io/hashicorp/aws\"]",
      "instances": [
        {
          "index_key": 0,
          "schema_version": 1,
          "attributes": {
            "arn": "arn:aws:ec2:ap-south-1:222639972592:vpc/vpc-01b8d30a1945f8c0d",
            "assign_generated_ipv6_cidr_block": false,
            "cidr_block": "10.50.0.0/16",
            "default_network_acl_id": "acl-03e82222f99e9382e",
            "default_route_table_id": "rtb-019580cf8d80d23fb",
            "default_security_group_id": "sg-0183fa5fb11f69921",
            "dhcp_options_id": "dopt-933671fb",
            "enable_classiclink": false,
            "enable_classiclink_dns_support": false,
            "enable_dns_hostnames": true,
            "enable_dns_support": true,
            "enable_network_address_usage_metrics": false,
            "id": "vpc-01b8d30a1945f8c0d",
            "instance_tenancy": "default",
            "ipv4_ipam_pool_id": null,
            "ipv4_netmask_length": null,
            "ipv6_association_id": "",
            "ipv6_cidr_block": "",
            "ipv6_cidr_block_network_border_group": "",
            "ipv6_ipam_pool_id": "",
            "ipv6_netmask_length": 0,
            "main_route_table_id": "rtb-019580cf8d80d23fb",
            "owner_id": "222639972592",
            "tags": {
              "Name": "my-app-vpc",
              "costcenter": "c001",
              "env": "dev",
              "terraform": "true"
            },
            "tags_all": {
              "Name": "my-app-vpc",
              "costcenter": "c001",
              "env": "dev",
              "terraform": "true"
            }
          },
          "sensitive_attributes": [],
          "private": "eyJzY2hlbWFfdmVyc2lvbiI6IjEifQ=="
        }
      ]
    }
  ],
  "check_results": []
}
